
Microsoft Visual Studio Solution File, Format Version 12.00
# Visual Studio Version 17
VisualStudioVersion = 17.0.31903.59
MinimumVisualStudioVersion = 10.0.40219.1
Project("{9A19103F-16F7-4668-BE54-9A1E7A4F7556}") = "OrderService", "SimpleCrud\OrderService.csproj", "{4A27E9E4-E17E-4F3C-A6FF-1897F2BE0598}"
EndProject
Project("{9A19103F-16F7-4668-BE54-9A1E7A4F7556}") = "UnitTesting", "UnitTesting\UnitTesting.csproj", "{8D439CEE-8868-40AD-BB25-669FE2920914}"
EndProject
Project("{9A19103F-16F7-4668-BE54-9A1E7A4F7556}") = "InventoryService", "SubscriberExample\InventoryService.csproj", "{E54141D4-6C7B-42AB-80BE-530422FDB167}"
EndProject
Project("{9A19103F-16F7-4668-BE54-9A1E7A4F7556}") = "Models", "Models\Models.csproj", "{EA21526D-DDF4-48A0-A111-E81A0F0E0CA2}"
EndProject
Global
	GlobalSection(SolutionConfigurationPlatforms) = preSolution
		Debug|Any CPU = Debug|Any CPU
		Release|Any CPU = Release|Any CPU
	EndGlobalSection
	GlobalSection(ProjectConfigurationPlatforms) = postSolution
		{4A27E9E4-E17E-4F3C-A6FF-1897F2BE0598}.Debug|Any CPU.ActiveCfg = Debug|Any CPU
		{4A27E9E4-E17E-4F3C-A6FF-1897F2BE0598}.Debug|Any CPU.Build.0 = Debug|Any CPU
		{4A27E9E4-E17E-4F3C-A6FF-1897F2BE0598}.Release|Any CPU.ActiveCfg = Release|Any CPU
		{4A27E9E4-E17E-4F3C-A6FF-1897F2BE0598}.Release|Any CPU.Build.0 = Release|Any CPU
		{8D439CEE-8868-40AD-BB25-669FE2920914}.Debug|Any CPU.ActiveCfg = Debug|Any CPU
		{8D439CEE-8868-40AD-BB25-669FE2920914}.Debug|Any CPU.Build.0 = Debug|Any CPU
		{8D439CEE-8868-40AD-BB25-669FE2920914}.Release|Any CPU.ActiveCfg = Release|Any CPU
		{8D439CEE-8868-40AD-BB25-669FE2920914}.Release|Any CPU.Build.0 = Release|Any CPU
		{E54141D4-6C7B-42AB-80BE-530422FDB167}.Debug|Any CPU.ActiveCfg = Debug|Any CPU
		{E54141D4-6C7B-42AB-80BE-530422FDB167}.Debug|Any CPU.Build.0 = Debug|Any CPU
		{E54141D4-6C7B-42AB-80BE-530422FDB167}.Release|Any CPU.ActiveCfg = Release|Any CPU
		{E54141D4-6C7B-42AB-80BE-530422FDB167}.Release|Any CPU.Build.0 = Release|Any CPU
		{EA21526D-DDF4-48A0-A111-E81A0F0E0CA2}.Debug|Any CPU.ActiveCfg = Debug|Any CPU
		{EA21526D-DDF4-48A0-A111-E81A0F0E0CA2}.Debug|Any CPU.Build.0 = Debug|Any CPU
		{EA21526D-DDF4-48A0-A111-E81A0F0E0CA2}.Release|Any CPU.ActiveCfg = Release|Any CPU
		{EA21526D-DDF4-48A0-A111-E81A0F0E0CA2}.Release|Any CPU.Build.0 = Release|Any CPU
	EndGlobalSection
	GlobalSection(SolutionProperties) = preSolution
		HideSolutionNode = FALSE
	EndGlobalSection
	GlobalSection(ExtensibilityGlobals) = postSolution
		SolutionGuid = {EDEAFA3F-A55D-43CD-8D73-96D9C91E998C}
	EndGlobalSection
EndGlobal
